
Microsoft Visual Studio Solution File, Format Version 12.00
# Visual Studio Version 17
VisualStudioVersion = 17.4.33213.308
MinimumVisualStudioVersion = 10.0.40219.1
Project("{FAE04EC0-301F-11D3-BF4B-00C04F79EFBC}") = "TextEditor", "TextEditor\TextEditor.csproj", "{BCA6C848-3AAE-476F-9DB1-9F8A382F066F}"
EndProject
Global
	GlobalSection(SolutionConfigurationPlatforms) = preSolution
		Debug|Any CPU = Debug|Any CPU
		Release|Any CPU = Release|Any CPU
	EndGlobalSection
	GlobalSection(ProjectConfigurationPlatforms) = postSolution
		{BCA6C848-3AAE-476F-9DB1-9F8A382F066F}.Debug|Any CPU.ActiveCfg = Debug|Any CPU
		{BCA6C848-3AAE-476F-9DB1-9F8A382F066F}.Debug|Any CPU.Build.0 = Debug|Any CPU
		{BCA6C848-3AAE-476F-9DB1-9F8A382F066F}.Release|Any CPU.ActiveCfg = Release|Any CPU
		{BCA6C848-3AAE-476F-9DB1-9F8A382F066F}.Release|Any CPU.Build.0 = Release|Any CPU
	EndGlobalSection
	GlobalSection(SolutionProperties) = preSolution
		HideSolutionNode = FALSE
	EndGlobalSection
	GlobalSection(ExtensibilityGlobals) = postSolution
		SolutionGuid = {CC44B819-76D2-4CAA-83BE-3C91A4949085}
	EndGlobalSection
EndGlobal
