
Microsoft Visual Studio Solution File, Format Version 12.00
# Visual Studio Version 17
VisualStudioVersion = 17.4.33213.308
MinimumVisualStudioVersion = 10.0.40219.1
Project("{FAE04EC0-301F-11D3-BF4B-00C04F79EFBC}") = "Примеры 1-4", "Примеры 1-4\Примеры 1-4.csproj", "{F038F57C-1126-4F24-90A2-CE51B2E88C1D}"
EndProject
Global
	GlobalSection(SolutionConfigurationPlatforms) = preSolution
		Debug|Any CPU = Debug|Any CPU
		Release|Any CPU = Release|Any CPU
	EndGlobalSection
	GlobalSection(ProjectConfigurationPlatforms) = postSolution
		{F038F57C-1126-4F24-90A2-CE51B2E88C1D}.Debug|Any CPU.ActiveCfg = Debug|Any CPU
		{F038F57C-1126-4F24-90A2-CE51B2E88C1D}.Debug|Any CPU.Build.0 = Debug|Any CPU
		{F038F57C-1126-4F24-90A2-CE51B2E88C1D}.Release|Any CPU.ActiveCfg = Release|Any CPU
		{F038F57C-1126-4F24-90A2-CE51B2E88C1D}.Release|Any CPU.Build.0 = Release|Any CPU
	EndGlobalSection
	GlobalSection(SolutionProperties) = preSolution
		HideSolutionNode = FALSE
	EndGlobalSection
	GlobalSection(ExtensibilityGlobals) = postSolution
		SolutionGuid = {2EB44DFC-A73E-4423-AC49-95A38F63E4C7}
	EndGlobalSection
EndGlobal
